
Microsoft Visual Studio Solution File, Format Version 12.00
# Visual Studio Version 16
VisualStudioVersion = 16.0.30204.135
MinimumVisualStudioVersion = 10.0.40219.1
Project("{E24C65DC-7377-472B-9ABA-BC803B73C61A}") = "OzrollPlantationScheduling", ".", "{761FE801-9408-4204-86CF-C449BF1BAC68}"
	ProjectSection(WebsiteProperties) = preProject
		TargetFrameworkMoniker = ".NETFramework,Version%3Dv4.8"
		ProjectReferences = "{308142e3-a542-41db-915d-08e9d69ce212}|OzrollPSLVSchedulingModel.dll;"
		Debug.AspNetCompiler.VirtualPath = "/localhost_65091"
		Debug.AspNetCompiler.PhysicalPath = "..\OzrollLouvreSchedulingNew\"
		Debug.AspNetCompiler.TargetPath = "PrecompiledWeb\localhost_65091\"
		Debug.AspNetCompiler.Updateable = "true"
		Debug.AspNetCompiler.ForceOverwrite = "true"
		Debug.AspNetCompiler.FixedNames = "false"
		Debug.AspNetCompiler.Debug = "True"
		Release.AspNetCompiler.VirtualPath = "/localhost_65091"
		Release.AspNetCompiler.PhysicalPath = "..\OzrollLouvreSchedulingNew\"
		Release.AspNetCompiler.TargetPath = "PrecompiledWeb\localhost_65091\"
		Release.AspNetCompiler.Updateable = "true"
		Release.AspNetCompiler.ForceOverwrite = "true"
		Release.AspNetCompiler.FixedNames = "false"
		Release.AspNetCompiler.Debug = "False"
		VWDPort = "65091"
		SlnRelativePath = "..\OzrollLouvreSchedulingNew\"
	EndProjectSection
EndProject
Project("{F184B08F-C81C-45F6-A57F-5ABD9991F28F}") = "OzrollPSLVSchedulingModel", "..\OzrollPSLVSchedulingModel\OzrollPSLVSchedulingModel.vbproj", "{308142E3-A542-41DB-915D-08E9D69CE212}"
EndProject
Global
	GlobalSection(SolutionConfigurationPlatforms) = preSolution
		Debug|Any CPU = Debug|Any CPU
		Release|Any CPU = Release|Any CPU
	EndGlobalSection
	GlobalSection(ProjectConfigurationPlatforms) = postSolution
		{761FE801-9408-4204-86CF-C449BF1BAC68}.Debug|Any CPU.ActiveCfg = Debug|Any CPU
		{761FE801-9408-4204-86CF-C449BF1BAC68}.Debug|Any CPU.Build.0 = Debug|Any CPU
		{761FE801-9408-4204-86CF-C449BF1BAC68}.Release|Any CPU.ActiveCfg = Debug|Any CPU
		{761FE801-9408-4204-86CF-C449BF1BAC68}.Release|Any CPU.Build.0 = Debug|Any CPU
		{308142E3-A542-41DB-915D-08E9D69CE212}.Debug|Any CPU.ActiveCfg = Debug|Any CPU
		{308142E3-A542-41DB-915D-08E9D69CE212}.Debug|Any CPU.Build.0 = Debug|Any CPU
		{308142E3-A542-41DB-915D-08E9D69CE212}.Release|Any CPU.ActiveCfg = Release|Any CPU
		{308142E3-A542-41DB-915D-08E9D69CE212}.Release|Any CPU.Build.0 = Release|Any CPU
	EndGlobalSection
	GlobalSection(SolutionProperties) = preSolution
		HideSolutionNode = FALSE
	EndGlobalSection
	GlobalSection(ExtensibilityGlobals) = postSolution
		SolutionGuid = {EE0BA643-FCD1-4FDE-A697-5FF95E52D3FC}
	EndGlobalSection
EndGlobal
